// !$*UTF8*$!
{
	archiveVersion = 1;
	classes = {
	};
	objectVersion = 46;
	objects = {

/* Begin PBXBuildFile section */
		D7133FB61BE9FEDD0004F82F /* main.m in Sources */ = {isa = PBXBuildFile; fileRef = D7133FB51BE9FEDD0004F82F /* main.m */; };
		D7133FB91BE9FEDD0004F82F /* AppDelegate.m in Sources */ = {isa = PBXBuildFile; fileRef = D7133FB81BE9FEDD0004F82F /* AppDelegate.m */; };
		D7133FBC1BE9FEDD0004F82F /* ViewController.m in Sources */ = {isa = PBXBuildFile; fileRef = D7133FBB1BE9FEDD0004F82F /* ViewController.m */; };
		D7133FBF1BE9FEDD0004F82F /* Main.storyboard in Resources */ = {isa = PBXBuildFile; fileRef = D7133FBD1BE9FEDD0004F82F /* Main.storyboard */; };
		D7133FC11BE9FEDD0004F82F /* Assets.xcassets in Resources */ = {isa = PBXBuildFile; fileRef = D7133FC01BE9FEDD0004F82F /* Assets.xcassets */; };
		D7133FC41BE9FEDD0004F82F /* LaunchScreen.storyboard in Resources */ = {isa = PBXBuildFile; fileRef = D7133FC21BE9FEDD0004F82F /* LaunchScreen.storyboard */; };
		D7133FCF1BE9FEDD0004F82F /* Demo_NSOperationTests.m in Sources */ = {isa = PBXBuildFile; fileRef = D7133FCE1BE9FEDD0004F82F /* Demo_NSOperationTests.m */; };
		D7133FDA1BE9FEDD0004F82F /* Demo_NSOperationUITests.m in Sources */ = {isa = PBXBuildFile; fileRef = D7133FD91BE9FEDD0004F82F /* Demo_NSOperationUITests.m */; };
/* End PBXBuildFile section */

/* Begin PBXContainerItemProxy section */
		D7133FCB1BE9FEDD0004F82F /* PBXContainerItemProxy */ = {
			isa = PBXContainerItemProxy;
			containerPortal = D7133FA91BE9FEDD0004F82F /* Project object */;
			proxyType = 1;
			remoteGlobalIDString = D7133FB01BE9FEDD0004F82F;
			remoteInfo = Demo_NSOperation;
		};
		D7133FD61BE9FEDD0004F82F /* PBXContainerItemProxy */ = {
			isa = PBXContainerItemProxy;
			containerPortal = D7133FA91BE9FEDD0004F82F /* Project object */;
			proxyType = 1;
			remoteGlobalIDString = D7133FB01BE9FEDD0004F82F;
			remoteInfo = Demo_NSOperation;
		};
/* End PBXContainerItemProxy section */

/* Begin PBXFileReference section */
		D7133FB11BE9FEDD0004F82F /* Demo_NSOperation.app */ = {isa = PBXFileReference; explicitFileType = wrapper.application; includeInIndex = 0; path = Demo_NSOperation.app; sourceTree = BUILT_PRODUCTS_DIR; };
		D7133FB51BE9FEDD0004F82F /* main.m */ = {isa = PBXFileReference; lastKnownFileType = sourcecode.c.objc; path = main.m; sourceTree = "<group>"; };
		D7133FB71BE9FEDD0004F82F /* AppDelegate.h */ = {isa = PBXFileReference; lastKnownFileType = sourcecode.c.h; path = AppDelegate.h; sourceTree = "<group>"; };
		D7133FB81BE9FEDD0004F82F /* AppDelegate.m */ = {isa = PBXFileReference; lastKnownFileType = sourcecode.c.objc; path = AppDelegate.m; sourceTree = "<group>"; };
		D7133FBA1BE9FEDD0004F82F /* ViewController.h */ = {isa = PBXFileReference; lastKnownFileType = sourcecode.c.h; path = ViewController.h; sourceTree = "<group>"; };
		D7133FBB1BE9FEDD0004F82F /* ViewController.m */ = {isa = PBXFileReference; lastKnownFileType = sourcecode.c.objc; path = ViewController.m; sourceTree = "<group>"; };
		D7133FBE1BE9FEDD0004F82F /* Base */ = {isa = PBXFileReference; lastKnownFileType = file.storyboard; name = Base; path = Base.lproj/Main.storyboard; sourceTree = "<group>"; };
		D7133FC01BE9FEDD0004F82F /* Assets.xcassets */ = {isa = PBXFileReference; lastKnownFileType = folder.assetcatalog; path = Assets.xcassets; sourceTree = "<group>"; };
		D7133FC31BE9FEDD0004F82F /* Base */ = {isa = PBXFileReference; lastKnownFileType = file.storyboard; name = Base; path = Base.lproj/LaunchScreen.storyboard; sourceTree = "<group>"; };
		D7133FC51BE9FEDD0004F82F /* Info.plist */ = {isa = PBXFileReference; lastKnownFileType = text.plist.xml; path = Info.plist; sourceTree = "<group>"; };
		D7133FCA1BE9FEDD0004F82F /* Demo_NSOperationTests.xctest */ = {isa = PBXFileReference; explicitFileType = wrapper.cfbundle; includeInIndex = 0; path = Demo_NSOperationTests.xctest; sourceTree = BUILT_PRODUCTS_DIR; };
		D7133FCE1BE9FEDD0004F82F /* Demo_NSOperationTests.m */ = {isa = PBXFileReference; lastKnownFileType = sourcecode.c.objc; path = Demo_NSOperationTests.m; sourceTree = "<group>"; };
		D7133FD01BE9FEDD0004F82F /* Info.plist */ = {isa = PBXFileReference; lastKnownFileType = text.plist.xml; path = Info.plist; sourceTree = "<group>"; };
		D7133FD51BE9FEDD0004F82F /* Demo_NSOperationUITests.xctest */ = {isa = PBXFileReference; explicitFileType = wrapper.cfbundle; includeInIndex = 0; path = Demo_NSOperationUITests.xctest; sourceTree = BUILT_PRODUCTS_DIR; };
		D7133FD91BE9FEDD0004F82F /* Demo_NSOperationUITests.m */ = {isa = PBXFileReference; lastKnownFileType = sourcecode.c.objc; path = Demo_NSOperationUITests.m; sourceTree = "<group>"; };
		D7133FDB1BE9FEDD0004F82F /* Info.plist */ = {isa = PBXFileReference; lastKnownFileType = text.plist.xml; path = Info.plist; sourceTree = "<group>"; };
/* End PBXFileReference section */

/* Begin PBXFrameworksBuildPhase section */
		D7133FAE1BE9FEDD0004F82F /* Frameworks */ = {
			isa = PBXFrameworksBuildPhase;
			buildActionMask = 2147483647;
			files = (
			);
			runOnlyForDeploymentPostprocessing = 0;
		};
		D7133FC71BE9FEDD0004F82F /* Frameworks */ = {
			isa = PBXFrameworksBuildPhase;
			buildActionMask = 2147483647;
			files = (
			);
			runOnlyForDeploymentPostprocessing = 0;
		};
		D7133FD21BE9FEDD0004F82F /* Frameworks */ = {
			isa = PBXFrameworksBuildPhase;
			buildActionMask = 2147483647;
			files = (
			);
			runOnlyForDeploymentPostprocessing = 0;
		};
/* End PBXFrameworksBuildPhase section */

/* Begin PBXGroup section */
		D7133FA81BE9FEDD0004F82F = {
			isa = PBXGroup;
			children = (
				D7133FB31BE9FEDD0004F82F /* Demo_NSOperation */,
				D7133FCD1BE9FEDD0004F82F /* Demo_NSOperationTests */,
				D7133FD81BE9FEDD0004F82F /* Demo_NSOperationUITests */,
				D7133FB21BE9FEDD0004F82F /* Products */,
			);
			sourceTree = "<group>";
		};
		D7133FB21BE9FEDD0004F82F /* Products */ = {
			isa = PBXGroup;
			children = (
				D7133FB11BE9FEDD0004F82F /* Demo_NSOperation.app */,
				D7133FCA1BE9FEDD0004F82F /* Demo_NSOperationTests.xctest */,
				D7133FD51BE9FEDD0004F82F /* Demo_NSOperationUITests.xctest */,
			);
			name = Products;
			sourceTree = "<group>";
		};
		D7133FB31BE9FEDD0004F82F /* Demo_NSOperation */ = {
			isa = PBXGroup;
			children = (
				D7133FB71BE9FEDD0004F82F /* AppDelegate.h */,
				D7133FB81BE9FEDD0004F82F /* AppDelegate.m */,
				D7133FBA1BE9FEDD0004F82F /* ViewController.h */,
				D7133FBB1BE9FEDD0004F82F /* ViewController.m */,
				D7133FBD1BE9FEDD0004F82F /* Main.storyboard */,
				D7133FC01BE9FEDD0004F82F /* Assets.xcassets */,
				D7133FC21BE9FEDD0004F82F /* LaunchScreen.storyboard */,
				D7133FC51BE9FEDD0004F82F /* Info.plist */,
				D7133FB41BE9FEDD0004F82F /* Supporting Files */,
			);
			path = Demo_NSOperation;
			sourceTree = "<group>";
		};
		D7133FB41BE9FEDD0004F82F /* Supporting Files */ = {
			isa = PBXGroup;
			children = (
				D7133FB51BE9FEDD0004F82F /* main.m */,
			);
			name = "Supporting Files";
			sourceTree = "<group>";
		};
		D7133FCD1BE9FEDD0004F82F /* Demo_NSOperationTests */ = {
			isa = PBXGroup;
			children = (
				D7133FCE1BE9FEDD0004F82F /* Demo_NSOperationTests.m */,
				D7133FD01BE9FEDD0004F82F /* Info.plist */,
			);
			path = Demo_NSOperationTests;
			sourceTree = "<group>";
		};
		D7133FD81BE9FEDD0004F82F /* Demo_NSOperationUITests */ = {
			isa = PBXGroup;
			children = (
				D7133FD91BE9FEDD0004F82F /* Demo_NSOperationUITests.m */,
				D7133FDB1BE9FEDD0004F82F /* Info.plist */,
			);
			path = Demo_NSOperationUITests;
			sourceTree = "<group>";
		};
/* End PBXGroup section */

/* Begin PBXNativeTarget section */
		D7133FB01BE9FEDD0004F82F /* Demo_NSOperation */ = {
			isa = PBXNativeTarget;
			buildConfigurationList = D7133FDE1BE9FEDD0004F82F /* Build configuration list for PBXNativeTarget "Demo_NSOperation" */;
			buildPhases = (
				D7133FAD1BE9FEDD0004F82F /* Sources */,
				D7133FAE1BE9FEDD0004F82F /* Frameworks */,
				D7133FAF1BE9FEDD0004F82F /* Resources */,
			);
			buildRules = (
			);
			dependencies = (
			);
			name = Demo_NSOperation;
			productName = Demo_NSOperation;
			productReference = D7133FB11BE9FEDD0004F82F /* Demo_NSOperation.app */;
			productType = "com.apple.product-type.application";
		};
		D7133FC91BE9FEDD0004F82F /* Demo_NSOperationTests */ = {
			isa = PBXNativeTarget;
			buildConfigurationList = D7133FE11BE9FEDD0004F82F /* Build configuration list for PBXNativeTarget "Demo_NSOperationTests" */;
			buildPhases = (
				D7133FC61BE9FEDD0004F82F /* Sources */,
				D7133FC71BE9FEDD0004F82F /* Frameworks */,
				D7133FC81BE9FEDD0004F82F /* Resources */,
			);
			buildRules = (
			);
			dependencies = (
				D7133FCC1BE9FEDD0004F82F /* PBXTargetDependency */,
			);
			name = Demo_NSOperationTests;
			productName = Demo_NSOperationTests;
			productReference = D7133FCA1BE9FEDD0004F82F /* Demo_NSOperationTests.xctest */;
			productType = "com.apple.product-type.bundle.unit-test";
		};
		D7133FD41BE9FEDD0004F82F /* Demo_NSOperationUITests */ = {
			isa = PBXNativeTarget;
			buildConfigurationList = D7133FE41BE9FEDD0004F82F /* Build configuration list for PBXNativeTarget "Demo_NSOperationUITests" */;
			buildPhases = (
				D7133FD11BE9FEDD0004F82F /* Sources */,
				D7133FD21BE9FEDD0004F82F /* Frameworks */,
				D7133FD31BE9FEDD0004F82F /* Resources */,
			);
			buildRules = (
			);
			dependencies = (
				D7133FD71BE9FEDD0004F82F /* PBXTargetDependency */,
			);
			name = Demo_NSOperationUITests;
			productName = Demo_NSOperationUITests;
			productReference = D7133FD51BE9FEDD0004F82F /* Demo_NSOperationUITests.xctest */;
			productType = "com.apple.product-type.bundle.ui-testing";
		};
/* End PBXNativeTarget section */

/* Begin PBXProject section */
		D7133FA91BE9FEDD0004F82F /* Project object */ = {
			isa = PBXProject;
			attributes = {
				LastUpgradeCheck = 0700;
				ORGANIZATIONNAME = teason;
				TargetAttributes = {
					D7133FB01BE9FEDD0004F82F = {
						CreatedOnToolsVersion = 7.0;
					};
					D7133FC91BE9FEDD0004F82F = {
						CreatedOnToolsVersion = 7.0;
						TestTargetID = D7133FB01BE9FEDD0004F82F;
					};
					D7133FD41BE9FEDD0004F82F = {
						CreatedOnToolsVersion = 7.0;
						TestTargetID = D7133FB01BE9FEDD0004F82F;
					};
				};
			};
			buildConfigurationList = D7133FAC1BE9FEDD0004F82F /* Build configuration list for PBXProject "Demo_NSOperation" */;
			compatibilityVersion = "Xcode 3.2";
			developmentRegion = English;
			hasScannedForEncodings = 0;
			knownRegions = (
				en,
				Base,
			);
			mainGroup = D7133FA81BE9FEDD0004F82F;
			productRefGroup = D7133FB21BE9FEDD0004F82F /* Products */;
			projectDirPath = "";
			projectRoot = "";
			targets = (
				D7133FB01BE9FEDD0004F82F /* Demo_NSOperation */,
				D7133FC91BE9FEDD0004F82F /* Demo_NSOperationTests */,
				D7133FD41BE9FEDD0004F82F /* Demo_NSOperationUITests */,
			);
		};
/* End PBXProject section */

/* Begin PBXResourcesBuildPhase section */
		D7133FAF1BE9FEDD0004F82F /* Resources */ = {
			isa = PBXResourcesBuildPhase;
			buildActionMask = 2147483647;
			files = (
				D7133FC41BE9FEDD0004F82F /* LaunchScreen.storyboard in Resources */,
				D7133FC11BE9FEDD0004F82F /* Assets.xcassets in Resources */,
				D7133FBF1BE9FEDD0004F82F /* Main.storyboard in Resources */,
			);
			runOnlyForDeploymentPostprocessing = 0;
		};
		D7133FC81BE9FEDD0004F82F /* Resources */ = {
			isa = PBXResourcesBuildPhase;
			buildActionMask = 2147483647;
			files = (
			);
			runOnlyForDeploymentPostprocessing = 0;
		};
		D7133FD31BE9FEDD0004F82F /* Resources */ = {
			isa = PBXResourcesBuildPhase;
			buildActionMask = 2147483647;
			files = (
			);
			runOnlyForDeploymentPostprocessing = 0;
		};
/* End PBXResourcesBuildPhase section */

/* Begin PBXSourcesBuildPhase section */
		D7133FAD1BE9FEDD0004F82F /* Sources */ = {
			isa = PBXSourcesBuildPhase;
			buildActionMask = 2147483647;
			files = (
				D7133FBC1BE9FEDD0004F82F /* ViewController.m in Sources */,
				D7133FB91BE9FEDD0004F82F /* AppDelegate.m in Sources */,
				D7133FB61BE9FEDD0004F82F /* main.m in Sources */,
			);
			runOnlyForDeploymentPostprocessing = 0;
		};
		D7133FC61BE9FEDD0004F82F /* Sources */ = {
			isa = PBXSourcesBuildPhase;
			buildActionMask = 2147483647;
			files = (
				D7133FCF1BE9FEDD0004F82F /* Demo_NSOperationTests.m in Sources */,
			);
			runOnlyForDeploymentPostprocessing = 0;
		};
		D7133FD11BE9FEDD0004F82F /* Sources */ = {
			isa = PBXSourcesBuildPhase;
			buildActionMask = 2147483647;
			files = (
				D7133FDA1BE9FEDD0004F82F /* Demo_NSOperationUITests.m in Sources */,
			);
			runOnlyForDeploymentPostprocessing = 0;
		};
/* End PBXSourcesBuildPhase section */

/* Begin PBXTargetDependency section */
		D7133FCC1BE9FEDD0004F82F /* PBXTargetDependency */ = {
			isa = PBXTargetDependency;
			target = D7133FB01BE9FEDD0004F82F /* Demo_NSOperation */;
			targetProxy = D7133FCB1BE9FEDD0004F82F /* PBXContainerItemProxy */;
		};
		D7133FD71BE9FEDD0004F82F /* PBXTargetDependency */ = {
			isa = PBXTargetDependency;
			target = D7133FB01BE9FEDD0004F82F /* Demo_NSOperation */;
			targetProxy = D7133FD61BE9FEDD0004F82F /* PBXContainerItemProxy */;
		};
/* End PBXTargetDependency section */

/* Begin PBXVariantGroup section */
		D7133FBD1BE9FEDD0004F82F /* Main.storyboard */ = {
			isa = PBXVariantGroup;
			children = (
				D7133FBE1BE9FEDD0004F82F /* Base */,
			);
			name = Main.storyboard;
			sourceTree = "<group>";
		};
		D7133FC21BE9FEDD0004F82F /* LaunchScreen.storyboard */ = {
			isa = PBXVariantGroup;
			children = (
				D7133FC31BE9FEDD0004F82F /* Base */,
			);
			name = LaunchScreen.storyboard;
			sourceTree = "<group>";
		};
/* End PBXVariantGroup section */

/* Begin XCBuildConfiguration section */
		D7133FDC1BE9FEDD0004F82F /* Debug */ = {
			isa = XCBuildConfiguration;
			buildSettings = {
				ALWAYS_SEARCH_USER_PATHS = NO;
				CLANG_CXX_LANGUAGE_STANDARD = "gnu++0x";
				CLANG_CXX_LIBRARY = "libc++";
				CLANG_ENABLE_MODULES = YES;
				CLANG_ENABLE_OBJC_ARC = YES;
				CLANG_WARN_BOOL_CONVERSION = YES;
				CLANG_WARN_CONSTANT_CONVERSION = YES;
				CLANG_WARN_DIRECT_OBJC_ISA_USAGE = YES_ERROR;
				CLANG_WARN_EMPTY_BODY = YES;
				CLANG_WARN_ENUM_CONVERSION = YES;
				CLANG_WARN_INT_CONVERSION = YES;
				CLANG_WARN_OBJC_ROOT_CLASS = YES_ERROR;
				CLANG_WARN_UNREACHABLE_CODE = YES;
				CLANG_WARN__DUPLICATE_METHOD_MATCH = YES;
				"CODE_SIGN_IDENTITY[sdk=iphoneos*]" = "iPhone Developer";
				COPY_PHASE_STRIP = NO;
				DEBUG_INFORMATION_FORMAT = dwarf;
				ENABLE_STRICT_OBJC_MSGSEND = YES;
				ENABLE_TESTABILITY = YES;
				GCC_C_LANGUAGE_STANDARD = gnu99;
				GCC_DYNAMIC_NO_PIC = NO;
				GCC_NO_COMMON_BLOCKS = YES;
				GCC_OPTIMIZATION_LEVEL = 0;
				GCC_PREPROCESSOR_DEFINITIONS = (
					"DEBUG=1",
					"$(inherited)",
				);
				GCC_WARN_64_TO_32_BIT_CONVERSION = YES;
				GCC_WARN_ABOUT_RETURN_TYPE = YES_ERROR;
				GCC_WARN_UNDECLARED_SELECTOR = YES;
				GCC_WARN_UNINITIALIZED_AUTOS = YES_AGGRESSIVE;
				GCC_WARN_UNUSED_FUNCTION = YES;
				GCC_WARN_UNUSED_VARIABLE = YES;
				IPHONEOS_DEPLOYMENT_TARGET = 9.0;
				MTL_ENABLE_DEBUG_INFO = YES;
				ONLY_ACTIVE_ARCH = YES;
				SDKROOT = iphoneos;
				TARGETED_DEVICE_FAMILY = "1,2";
			};
			name = Debug;
		};
		D7133FDD1BE9FEDD0004F82F /* Release */ = {
			isa = XCBuildConfiguration;
			buildSettings = {
				ALWAYS_SEARCH_USER_PATHS = NO;
				CLANG_CXX_LANGUAGE_STANDARD = "gnu++0x";
				CLANG_CXX_LIBRARY = "libc++";
				CLANG_ENABLE_MODULES = YES;
				CLANG_ENABLE_OBJC_ARC = YES;
				CLANG_WARN_BOOL_CONVERSION = YES;
				CLANG_WARN_CONSTANT_CONVERSION = YES;
				CLANG_WARN_DIRECT_OBJC_ISA_USAGE = YES_ERROR;
				CLANG_WARN_EMPTY_BODY = YES;
				CLANG_WARN_ENUM_CONVERSION = YES;
				CLANG_WARN_INT_CONVERSION = YES;
				CLANG_WARN_OBJC_ROOT_CLASS = YES_ERROR;
				CLANG_WARN_UNREACHABLE_CODE = YES;
				CLANG_WARN__DUPLICATE_METHOD_MATCH = YES;
				"CODE_SIGN_IDENTITY[sdk=iphoneos*]" = "iPhone Developer";
				COPY_PHASE_STRIP = NO;
				DEBUG_INFORMATION_FORMAT = "dwarf-with-dsym";
				ENABLE_NS_ASSERTIONS = NO;
				ENABLE_STRICT_OBJC_MSGSEND = YES;
				GCC_C_LANGUAGE_STANDARD = gnu99;
				GCC_NO_COMMON_BLOCKS = YES;
				GCC_WARN_64_TO_32_BIT_CONVERSION = YES;
				GCC_WARN_ABOUT_RETURN_TYPE = YES_ERROR;
				GCC_WARN_UNDECLARED_SELECTOR = YES;
				GCC_WARN_UNINITIALIZED_AUTOS = YES_AGGRESSIVE;
				GCC_WARN_UNUSED_FUNCTION = YES;
				GCC_WARN_UNUSED_VARIABLE = YES;
				IPHONEOS_DEPLOYMENT_TARGET = 9.0;
				MTL_ENABLE_DEBUG_INFO = NO;
				SDKROOT = iphoneos;
				TARGETED_DEVICE_FAMILY = "1,2";
				VALIDATE_PRODUCT = YES;
			};
			name = Release;
		};
		D7133FDF1BE9FEDD0004F82F /* Debug */ = {
			isa = XCBuildConfiguration;
			buildSettings = {
				ASSETCATALOG_COMPILER_APPICON_NAME = AppIcon;
				INFOPLIST_FILE = Demo_NSOperation/Info.plist;
				LD_RUNPATH_SEARCH_PATHS = "$(inherited) @executable_path/Frameworks";
				PRODUCT_BUNDLE_IDENTIFIER = "zzz.Demo-NSOperation";
				PRODUCT_NAME = "$(TARGET_NAME)";
			};
			name = Debug;
		};
		D7133FE01BE9FEDD0004F82F /* Release */ = {
			isa = XCBuildConfiguration;
			buildSettings = {
				ASSETCATALOG_COMPILER_APPICON_NAME = AppIcon;
				INFOPLIST_FILE = Demo_NSOperation/Info.plist;
				LD_RUNPATH_SEARCH_PATHS = "$(inherited) @executable_path/Frameworks";
				PRODUCT_BUNDLE_IDENTIFIER = "zzz.Demo-NSOperation";
				PRODUCT_NAME = "$(TARGET_NAME)";
			};
			name = Release;
		};
		D7133FE21BE9FEDD0004F82F /* Debug */ = {
			isa = XCBuildConfiguration;
			buildSettings = {
				BUNDLE_LOADER = "$(TEST_HOST)";
				INFOPLIST_FILE = Demo_NSOperationTests/Info.plist;
				LD_RUNPATH_SEARCH_PATHS = "$(inherited) @executable_path/Frameworks @loader_path/Frameworks";
				PRODUCT_BUNDLE_IDENTIFIER = "zzz.Demo-NSOperationTests";
				PRODUCT_NAME = "$(TARGET_NAME)";
				TEST_HOST = "$(BUILT_PRODUCTS_DIR)/Demo_NSOperation.app/Demo_NSOperation";
			};
			name = Debug;
		};
		D7133FE31BE9FEDD0004F82F /* Release */ = {
			isa = XCBuildConfiguration;
			buildSettings = {
				BUNDLE_LOADER = "$(TEST_HOST)";
				INFOPLIST_FILE = Demo_NSOperationTests/Info.plist;
				LD_RUNPATH_SEARCH_PATHS = "$(inherited) @executable_path/Frameworks @loader_path/Frameworks";
				PRODUCT_BUNDLE_IDENTIFIER = "zzz.Demo-NSOperationTests";
				PRODUCT_NAME = "$(TARGET_NAME)";
				TEST_HOST = "$(BUILT_PRODUCTS_DIR)/Demo_NSOperation.app/Demo_NSOperation";
			};
			name = Release;
		};
		D7133FE51BE9FEDD0004F82F /* Debug */ = {
			isa = XCBuildConfiguration;
			buildSettings = {
				INFOPLIST_FILE = Demo_NSOperationUITests/Info.plist;
				LD_RUNPATH_SEARCH_PATHS = "$(inherited) @executable_path/Frameworks @loader_path/Frameworks";
				PRODUCT_BUNDLE_IDENTIFIER = "zzz.Demo-NSOperationUITests";
				PRODUCT_NAME = "$(TARGET_NAME)";
				TEST_TARGET_NAME = Demo_NSOperation;
				USES_XCTRUNNER = YES;
			};
			name = Debug;
		};
		D7133FE61BE9FEDD0004F82F /* Release */ = {
			isa = XCBuildConfiguration;
			buildSettings = {
				INFOPLIST_FILE = Demo_NSOperationUITests/Info.plist;
				LD_RUNPATH_SEARCH_PATHS = "$(inherited) @executable_path/Frameworks @loader_path/Frameworks";
				PRODUCT_BUNDLE_IDENTIFIER = "zzz.Demo-NSOperationUITests";
				PRODUCT_NAME = "$(TARGET_NAME)";
				TEST_TARGET_NAME = Demo_NSOperation;
				USES_XCTRUNNER = YES;
			};
			name = Release;
		};
/* End XCBuildConfiguration section */

/* Begin XCConfigurationList section */
		D7133FAC1BE9FEDD0004F82F /* Build configuration list for PBXProject "Demo_NSOperation" */ = {
			isa = XCConfigurationList;
			buildConfigurations = (
				D7133FDC1BE9FEDD0004F82F /* Debug */,
				D7133FDD1BE9FEDD0004F82F /* Release */,
			);
			defaultConfigurationIsVisible = 0;
			defaultConfigurationName = Release;
		};
		D7133FDE1BE9FEDD0004F82F /* Build configuration list for PBXNativeTarget "Demo_NSOperation" */ = {
			isa = XCConfigurationList;
			buildConfigurations = (
				D7133FDF1BE9FEDD0004F82F /* Debug */,
				D7133FE01BE9FEDD0004F82F /* Release */,
			);
			defaultConfigurationIsVisible = 0;
		};
		D7133FE11BE9FEDD0004F82F /* Build configuration list for PBXNativeTarget "Demo_NSOperationTests" */ = {
			isa = XCConfigurationList;
			buildConfigurations = (
				D7133FE21BE9FEDD0004F82F /* Debug */,
				D7133FE31BE9FEDD0004F82F /* Release */,
			);
			defaultConfigurationIsVisible = 0;
		};
		D7133FE41BE9FEDD0004F82F /* Build configuration list for PBXNativeTarget "Demo_NSOperationUITests" */ = {
			isa = XCConfigurationList;
			buildConfigurations = (
				D7133FE51BE9FEDD0004F82F /* Debug */,
				D7133FE61BE9FEDD0004F82F /* Release */,
			);
			defaultConfigurationIsVisible = 0;
		};
/* End XCConfigurationList section */
	};
	rootObject = D7133FA91BE9FEDD0004F82F /* Project object */;
}
